
Microsoft Visual Studio Solution File, Format Version 12.00
# Visual Studio 15
VisualStudioVersion = 15.0.27703.2042
MinimumVisualStudioVersion = 10.0.40219.1
Project("{9A19103F-16F7-4668-BE54-9A1E7A4F7556}") = "SqlQueries", "SqlQueries\SqlQueries.csproj", "{C3C57903-88D4-4DD4-98AA-B777AA0BD502}"
EndProject
Project("{FAE04EC0-301F-11D3-BF4B-00C04F79EFBC}") = "SqlQueriesTester", "SqlQueriesTester\SqlQueriesTester.csproj", "{B6B48BEB-E0B0-4C85-A235-CB86A3EE3D9E}"
EndProject
Global
	GlobalSection(SolutionConfigurationPlatforms) = preSolution
		Debug|Any CPU = Debug|Any CPU
		Release|Any CPU = Release|Any CPU
	EndGlobalSection
	GlobalSection(ProjectConfigurationPlatforms) = postSolution
		{C3C57903-88D4-4DD4-98AA-B777AA0BD502}.Debug|Any CPU.ActiveCfg = Debug|Any CPU
		{C3C57903-88D4-4DD4-98AA-B777AA0BD502}.Debug|Any CPU.Build.0 = Debug|Any CPU
		{C3C57903-88D4-4DD4-98AA-B777AA0BD502}.Release|Any CPU.ActiveCfg = Release|Any CPU
		{C3C57903-88D4-4DD4-98AA-B777AA0BD502}.Release|Any CPU.Build.0 = Release|Any CPU
		{B6B48BEB-E0B0-4C85-A235-CB86A3EE3D9E}.Debug|Any CPU.ActiveCfg = Debug|Any CPU
		{B6B48BEB-E0B0-4C85-A235-CB86A3EE3D9E}.Debug|Any CPU.Build.0 = Debug|Any CPU
		{B6B48BEB-E0B0-4C85-A235-CB86A3EE3D9E}.Release|Any CPU.ActiveCfg = Release|Any CPU
		{B6B48BEB-E0B0-4C85-A235-CB86A3EE3D9E}.Release|Any CPU.Build.0 = Release|Any CPU
	EndGlobalSection
	GlobalSection(SolutionProperties) = preSolution
		HideSolutionNode = FALSE
	EndGlobalSection
	GlobalSection(ExtensibilityGlobals) = postSolution
		SolutionGuid = {B6E77260-3F39-403C-BD5A-13D7E3F7F43C}
	EndGlobalSection
EndGlobal
